// !$*UTF8*$!
{
	archiveVersion = 1;
	classes = {
	};
	objectVersion = 46;
	objects = {

/* Begin PBXBuildFile section */
		B824E4C81E9CB7CD001A01AD /* BannerView.swift in Sources */ = {isa = PBXBuildFile; fileRef = B824E4C71E9CB7CD001A01AD /* BannerView.swift */; };
		B85DD3F01EA3F9A10067EF77 /* ScheduleViewController.swift in Sources */ = {isa = PBXBuildFile; fileRef = B85DD3EF1EA3F9A10067EF77 /* ScheduleViewController.swift */; };
		B85DD3F41EA40DA80067EF77 /* SettingsViewController.swift in Sources */ = {isa = PBXBuildFile; fileRef = B85DD3F31EA40DA80067EF77 /* SettingsViewController.swift */; };
		B89710551E9B50920081FE7D /* UserData.swift in Sources */ = {isa = PBXBuildFile; fileRef = B89710541E9B50920081FE7D /* UserData.swift */; };
		B8F039011E9A17AC00E789B9 /* AppDelegate.swift in Sources */ = {isa = PBXBuildFile; fileRef = B8F039001E9A17AC00E789B9 /* AppDelegate.swift */; };
		B8F039031E9A17AC00E789B9 /* ViewController.swift in Sources */ = {isa = PBXBuildFile; fileRef = B8F039021E9A17AC00E789B9 /* ViewController.swift */; };
		B8F039061E9A17AC00E789B9 /* Main.storyboard in Resources */ = {isa = PBXBuildFile; fileRef = B8F039041E9A17AC00E789B9 /* Main.storyboard */; };
		B8F039081E9A17AC00E789B9 /* Assets.xcassets in Resources */ = {isa = PBXBuildFile; fileRef = B8F039071E9A17AC00E789B9 /* Assets.xcassets */; };
		B8F0390B1E9A17AC00E789B9 /* LaunchScreen.storyboard in Resources */ = {isa = PBXBuildFile; fileRef = B8F039091E9A17AC00E789B9 /* LaunchScreen.storyboard */; };
		B8F039131E9B463A00E789B9 /* QuoteViewController.swift in Sources */ = {isa = PBXBuildFile; fileRef = B8F039121E9B463A00E789B9 /* QuoteViewController.swift */; };
/* End PBXBuildFile section */

/* Begin PBXFileReference section */
		B824E4C71E9CB7CD001A01AD /* BannerView.swift */ = {isa = PBXFileReference; fileEncoding = 4; lastKnownFileType = sourcecode.swift; path = BannerView.swift; sourceTree = "<group>"; };
		B85DD3EF1EA3F9A10067EF77 /* ScheduleViewController.swift */ = {isa = PBXFileReference; fileEncoding = 4; lastKnownFileType = sourcecode.swift; name = ScheduleViewController.swift; path = ../ScheduleViewController.swift; sourceTree = "<group>"; };
		B85DD3F31EA40DA80067EF77 /* SettingsViewController.swift */ = {isa = PBXFileReference; fileEncoding = 4; lastKnownFileType = sourcecode.swift; path = SettingsViewController.swift; sourceTree = "<group>"; };
		B89710541E9B50920081FE7D /* UserData.swift */ = {isa = PBXFileReference; fileEncoding = 4; lastKnownFileType = sourcecode.swift; path = UserData.swift; sourceTree = "<group>"; };
		B8F038FD1E9A17AB00E789B9 /* Success.app */ = {isa = PBXFileReference; explicitFileType = wrapper.application; includeInIndex = 0; path = Success.app; sourceTree = BUILT_PRODUCTS_DIR; };
		B8F039001E9A17AC00E789B9 /* AppDelegate.swift */ = {isa = PBXFileReference; lastKnownFileType = sourcecode.swift; path = AppDelegate.swift; sourceTree = "<group>"; };
		B8F039021E9A17AC00E789B9 /* ViewController.swift */ = {isa = PBXFileReference; lastKnownFileType = sourcecode.swift; path = ViewController.swift; sourceTree = "<group>"; };
		B8F039051E9A17AC00E789B9 /* Base */ = {isa = PBXFileReference; lastKnownFileType = file.storyboard; name = Base; path = Base.lproj/Main.storyboard; sourceTree = "<group>"; };
		B8F039071E9A17AC00E789B9 /* Assets.xcassets */ = {isa = PBXFileReference; lastKnownFileType = folder.assetcatalog; path = Assets.xcassets; sourceTree = "<group>"; };
		B8F0390A1E9A17AC00E789B9 /* Base */ = {isa = PBXFileReference; lastKnownFileType = file.storyboard; name = Base; path = Base.lproj/LaunchScreen.storyboard; sourceTree = "<group>"; };
		B8F0390C1E9A17AC00E789B9 /* Info.plist */ = {isa = PBXFileReference; lastKnownFileType = text.plist.xml; path = Info.plist; sourceTree = "<group>"; };
		B8F039121E9B463A00E789B9 /* QuoteViewController.swift */ = {isa = PBXFileReference; fileEncoding = 4; lastKnownFileType = sourcecode.swift; path = QuoteViewController.swift; sourceTree = "<group>"; };
/* End PBXFileReference section */

/* Begin PBXFrameworksBuildPhase section */
		B8F038FA1E9A17AB00E789B9 /* Frameworks */ = {
			isa = PBXFrameworksBuildPhase;
			buildActionMask = 2147483647;
			files = (
			);
			runOnlyForDeploymentPostprocessing = 0;
		};
/* End PBXFrameworksBuildPhase section */

/* Begin PBXGroup section */
		B8F038F41E9A17AB00E789B9 = {
			isa = PBXGroup;
			children = (
				B8F038FF1E9A17AC00E789B9 /* Success */,
				B8F038FE1E9A17AB00E789B9 /* Products */,
			);
			sourceTree = "<group>";
		};
		B8F038FE1E9A17AB00E789B9 /* Products */ = {
			isa = PBXGroup;
			children = (
				B8F038FD1E9A17AB00E789B9 /* Success.app */,
			);
			name = Products;
			sourceTree = "<group>";
		};
		B8F038FF1E9A17AC00E789B9 /* Success */ = {
			isa = PBXGroup;
			children = (
				B8F039001E9A17AC00E789B9 /* AppDelegate.swift */,
				B8F039021E9A17AC00E789B9 /* ViewController.swift */,
				B8F039121E9B463A00E789B9 /* QuoteViewController.swift */,
				B85DD3F31EA40DA80067EF77 /* SettingsViewController.swift */,
				B85DD3EF1EA3F9A10067EF77 /* ScheduleViewController.swift */,
				B89710541E9B50920081FE7D /* UserData.swift */,
				B824E4C71E9CB7CD001A01AD /* BannerView.swift */,
				B8F039041E9A17AC00E789B9 /* Main.storyboard */,
				B8F039071E9A17AC00E789B9 /* Assets.xcassets */,
				B8F039091E9A17AC00E789B9 /* LaunchScreen.storyboard */,
				B8F0390C1E9A17AC00E789B9 /* Info.plist */,
			);
			path = Success;
			sourceTree = "<group>";
		};
/* End PBXGroup section */

/* Begin PBXNativeTarget section */
		B8F038FC1E9A17AB00E789B9 /* Success */ = {
			isa = PBXNativeTarget;
			buildConfigurationList = B8F0390F1E9A17AC00E789B9 /* Build configuration list for PBXNativeTarget "Success" */;
			buildPhases = (
				B8F038F91E9A17AB00E789B9 /* Sources */,
				B8F038FA1E9A17AB00E789B9 /* Frameworks */,
				B8F038FB1E9A17AB00E789B9 /* Resources */,
			);
			buildRules = (
			);
			dependencies = (
			);
			name = Success;
			productName = Success;
			productReference = B8F038FD1E9A17AB00E789B9 /* Success.app */;
			productType = "com.apple.product-type.application";
		};
/* End PBXNativeTarget section */

/* Begin PBXProject section */
		B8F038F51E9A17AB00E789B9 /* Project object */ = {
			isa = PBXProject;
			attributes = {
				LastSwiftUpdateCheck = 0730;
				LastUpgradeCheck = 0830;
				ORGANIZATIONNAME = "Maathusan Rajendram";
				TargetAttributes = {
					B8F038FC1E9A17AB00E789B9 = {
						CreatedOnToolsVersion = 7.3.1;
						DevelopmentTeam = 839RWU9N23;
						LastSwiftMigration = 0830;
					};
				};
			};
			buildConfigurationList = B8F038F81E9A17AB00E789B9 /* Build configuration list for PBXProject "Success" */;
			compatibilityVersion = "Xcode 3.2";
			developmentRegion = English;
			hasScannedForEncodings = 0;
			knownRegions = (
				en,
				Base,
			);
			mainGroup = B8F038F41E9A17AB00E789B9;
			productRefGroup = B8F038FE1E9A17AB00E789B9 /* Products */;
			projectDirPath = "";
			projectRoot = "";
			targets = (
				B8F038FC1E9A17AB00E789B9 /* Success */,
			);
		};
/* End PBXProject section */

/* Begin PBXResourcesBuildPhase section */
		B8F038FB1E9A17AB00E789B9 /* Resources */ = {
			isa = PBXResourcesBuildPhase;
			buildActionMask = 2147483647;
			files = (
				B8F0390B1E9A17AC00E789B9 /* LaunchScreen.storyboard in Resources */,
				B8F039081E9A17AC00E789B9 /* Assets.xcassets in Resources */,
				B8F039061E9A17AC00E789B9 /* Main.storyboard in Resources */,
			);
			runOnlyForDeploymentPostprocessing = 0;
		};
/* End PBXResourcesBuildPhase section */

/* Begin PBXSourcesBuildPhase section */
		B8F038F91E9A17AB00E789B9 /* Sources */ = {
			isa = PBXSourcesBuildPhase;
			buildActionMask = 2147483647;
			files = (
				B824E4C81E9CB7CD001A01AD /* BannerView.swift in Sources */,
				B8F039131E9B463A00E789B9 /* QuoteViewController.swift in Sources */,
				B85DD3F41EA40DA80067EF77 /* SettingsViewController.swift in Sources */,
				B8F039031E9A17AC00E789B9 /* ViewController.swift in Sources */,
				B85DD3F01EA3F9A10067EF77 /* ScheduleViewController.swift in Sources */,
				B89710551E9B50920081FE7D /* UserData.swift in Sources */,
				B8F039011E9A17AC00E789B9 /* AppDelegate.swift in Sources */,
			);
			runOnlyForDeploymentPostprocessing = 0;
		};
/* End PBXSourcesBuildPhase section */

/* Begin PBXVariantGroup section */
		B8F039041E9A17AC00E789B9 /* Main.storyboard */ = {
			isa = PBXVariantGroup;
			children = (
				B8F039051E9A17AC00E789B9 /* Base */,
			);
			name = Main.storyboard;
			sourceTree = "<group>";
		};
		B8F039091E9A17AC00E789B9 /* LaunchScreen.storyboard */ = {
			isa = PBXVariantGroup;
			children = (
				B8F0390A1E9A17AC00E789B9 /* Base */,
			);
			name = LaunchScreen.storyboard;
			sourceTree = "<group>";
		};
/* End PBXVariantGroup section */

/* Begin XCBuildConfiguration section */
		B8F0390D1E9A17AC00E789B9 /* Debug */ = {
			isa = XCBuildConfiguration;
			buildSettings = {
				ALWAYS_SEARCH_USER_PATHS = NO;
				CLANG_ANALYZER_NONNULL = YES;
				CLANG_CXX_LANGUAGE_STANDARD = "gnu++0x";
				CLANG_CXX_LIBRARY = "libc++";
				CLANG_ENABLE_MODULES = YES;
				CLANG_ENABLE_OBJC_ARC = YES;
				CLANG_WARN_BOOL_CONVERSION = YES;
				CLANG_WARN_CONSTANT_CONVERSION = YES;
				CLANG_WARN_DIRECT_OBJC_ISA_USAGE = YES_ERROR;
				CLANG_WARN_EMPTY_BODY = YES;
				CLANG_WARN_ENUM_CONVERSION = YES;
				CLANG_WARN_INFINITE_RECURSION = YES;
				CLANG_WARN_INT_CONVERSION = YES;
				CLANG_WARN_OBJC_ROOT_CLASS = YES_ERROR;
				CLANG_WARN_SUSPICIOUS_MOVE = YES;
				CLANG_WARN_UNREACHABLE_CODE = YES;
				CLANG_WARN__DUPLICATE_METHOD_MATCH = YES;
				"CODE_SIGN_IDENTITY[sdk=iphoneos*]" = "iPhone Developer";
				COPY_PHASE_STRIP = NO;
				DEBUG_INFORMATION_FORMAT = dwarf;
				ENABLE_STRICT_OBJC_MSGSEND = YES;
				ENABLE_TESTABILITY = YES;
				GCC_C_LANGUAGE_STANDARD = gnu99;
				GCC_DYNAMIC_NO_PIC = NO;
				GCC_NO_COMMON_BLOCKS = YES;
				GCC_OPTIMIZATION_LEVEL = 0;
				GCC_PREPROCESSOR_DEFINITIONS = (
					"DEBUG=1",
					"$(inherited)",
				);
				GCC_WARN_64_TO_32_BIT_CONVERSION = YES;
				GCC_WARN_ABOUT_RETURN_TYPE = YES_ERROR;
				GCC_WARN_UNDECLARED_SELECTOR = YES;
				GCC_WARN_UNINITIALIZED_AUTOS = YES_AGGRESSIVE;
				GCC_WARN_UNUSED_FUNCTION = YES;
				GCC_WARN_UNUSED_VARIABLE = YES;
				IPHONEOS_DEPLOYMENT_TARGET = 9.3;
				MTL_ENABLE_DEBUG_INFO = YES;
				ONLY_ACTIVE_ARCH = YES;
				SDKROOT = iphoneos;
				SWIFT_OPTIMIZATION_LEVEL = "-Onone";
			};
			name = Debug;
		};
		B8F0390E1E9A17AC00E789B9 /* Release */ = {
			isa = XCBuildConfiguration;
			buildSettings = {
				ALWAYS_SEARCH_USER_PATHS = NO;
				CLANG_ANALYZER_NONNULL = YES;
				CLANG_CXX_LANGUAGE_STANDARD = "gnu++0x";
				CLANG_CXX_LIBRARY = "libc++";
				CLANG_ENABLE_MODULES = YES;
				CLANG_ENABLE_OBJC_ARC = YES;
				CLANG_WARN_BOOL_CONVERSION = YES;
				CLANG_WARN_CONSTANT_CONVERSION = YES;
				CLANG_WARN_DIRECT_OBJC_ISA_USAGE = YES_ERROR;
				CLANG_WARN_EMPTY_BODY = YES;
				CLANG_WARN_ENUM_CONVERSION = YES;
				CLANG_WARN_INFINITE_RECURSION = YES;
				CLANG_WARN_INT_CONVERSION = YES;
				CLANG_WARN_OBJC_ROOT_CLASS = YES_ERROR;
				CLANG_WARN_SUSPICIOUS_MOVE = YES;
				CLANG_WARN_UNREACHABLE_CODE = YES;
				CLANG_WARN__DUPLICATE_METHOD_MATCH = YES;
				"CODE_SIGN_IDENTITY[sdk=iphoneos*]" = "iPhone Developer";
				COPY_PHASE_STRIP = NO;
				DEBUG_INFORMATION_FORMAT = "dwarf-with-dsym";
				ENABLE_NS_ASSERTIONS = NO;
				ENABLE_STRICT_OBJC_MSGSEND = YES;
				GCC_C_LANGUAGE_STANDARD = gnu99;
				GCC_NO_COMMON_BLOCKS = YES;
				GCC_WARN_64_TO_32_BIT_CONVERSION = YES;
				GCC_WARN_ABOUT_RETURN_TYPE = YES_ERROR;
				GCC_WARN_UNDECLARED_SELECTOR = YES;
				GCC_WARN_UNINITIALIZED_AUTOS = YES_AGGRESSIVE;
				GCC_WARN_UNUSED_FUNCTION = YES;
				GCC_WARN_UNUSED_VARIABLE = YES;
				IPHONEOS_DEPLOYMENT_TARGET = 9.3;
				MTL_ENABLE_DEBUG_INFO = NO;
				SDKROOT = iphoneos;
				SWIFT_OPTIMIZATION_LEVEL = "-Owholemodule";
				VALIDATE_PRODUCT = YES;
			};
			name = Release;
		};
		B8F039101E9A17AC00E789B9 /* Debug */ = {
			isa = XCBuildConfiguration;
			buildSettings = {
				ASSETCATALOG_COMPILER_APPICON_NAME = AppIcon;
				CODE_SIGN_IDENTITY = "iPhone Developer";
				"CODE_SIGN_IDENTITY[sdk=iphoneos*]" = "iPhone Developer";
				INFOPLIST_FILE = Success/Info.plist;
				IPHONEOS_DEPLOYMENT_TARGET = 10.3;
				LD_RUNPATH_SEARCH_PATHS = "$(inherited) @executable_path/Frameworks";
				PRODUCT_BUNDLE_IDENTIFIER = com.example.Success;
				PRODUCT_NAME = "$(TARGET_NAME)";
				PROVISIONING_PROFILE = "";
				SWIFT_VERSION = 3.0;
			};
			name = Debug;
		};
		B8F039111E9A17AC00E789B9 /* Release */ = {
			isa = XCBuildConfiguration;
			buildSettings = {
				ASSETCATALOG_COMPILER_APPICON_NAME = AppIcon;
				CODE_SIGN_IDENTITY = "iPhone Developer";
				"CODE_SIGN_IDENTITY[sdk=iphoneos*]" = "iPhone Developer";
				INFOPLIST_FILE = Success/Info.plist;
				IPHONEOS_DEPLOYMENT_TARGET = 10.3;
				LD_RUNPATH_SEARCH_PATHS = "$(inherited) @executable_path/Frameworks";
				PRODUCT_BUNDLE_IDENTIFIER = com.example.Success;
				PRODUCT_NAME = "$(TARGET_NAME)";
				PROVISIONING_PROFILE = "";
				SWIFT_VERSION = 3.0;
			};
			name = Release;
		};
/* End XCBuildConfiguration section */

/* Begin XCConfigurationList section */
		B8F038F81E9A17AB00E789B9 /* Build configuration list for PBXProject "Success" */ = {
			isa = XCConfigurationList;
			buildConfigurations = (
				B8F0390D1E9A17AC00E789B9 /* Debug */,
				B8F0390E1E9A17AC00E789B9 /* Release */,
			);
			defaultConfigurationIsVisible = 0;
			defaultConfigurationName = Release;
		};
		B8F0390F1E9A17AC00E789B9 /* Build configuration list for PBXNativeTarget "Success" */ = {
			isa = XCConfigurationList;
			buildConfigurations = (
				B8F039101E9A17AC00E789B9 /* Debug */,
				B8F039111E9A17AC00E789B9 /* Release */,
			);
			defaultConfigurationIsVisible = 0;
			defaultConfigurationName = Release;
		};
/* End XCConfigurationList section */
	};
	rootObject = B8F038F51E9A17AB00E789B9 /* Project object */;
}
